
Microsoft Visual Studio Solution File, Format Version 12.00
# Visual Studio Version 16
VisualStudioVersion = 16.0.30907.101
MinimumVisualStudioVersion = 10.0.40219.1
Project("{FAE04EC0-301F-11D3-BF4B-00C04F79EFBC}") = "exercicio3", "exercicio3\exercicio3.csproj", "{BF77916D-1B25-4B31-A85F-07D561EF8502}"
EndProject
Global
	GlobalSection(SolutionConfigurationPlatforms) = preSolution
		Debug|Any CPU = Debug|Any CPU
		Release|Any CPU = Release|Any CPU
	EndGlobalSection
	GlobalSection(ProjectConfigurationPlatforms) = postSolution
		{BF77916D-1B25-4B31-A85F-07D561EF8502}.Debug|Any CPU.ActiveCfg = Debug|Any CPU
		{BF77916D-1B25-4B31-A85F-07D561EF8502}.Debug|Any CPU.Build.0 = Debug|Any CPU
		{BF77916D-1B25-4B31-A85F-07D561EF8502}.Release|Any CPU.ActiveCfg = Release|Any CPU
		{BF77916D-1B25-4B31-A85F-07D561EF8502}.Release|Any CPU.Build.0 = Release|Any CPU
	EndGlobalSection
	GlobalSection(SolutionProperties) = preSolution
		HideSolutionNode = FALSE
	EndGlobalSection
	GlobalSection(ExtensibilityGlobals) = postSolution
		SolutionGuid = {4F265AC7-1CFC-4C50-AFE0-6638A398B9C6}
	EndGlobalSection
EndGlobal
