
Microsoft Visual Studio Solution File, Format Version 12.00
# Visual Studio Version 16
VisualStudioVersion = 16.0.30907.101
MinimumVisualStudioVersion = 10.0.40219.1
Project("{FAE04EC0-301F-11D3-BF4B-00C04F79EFBC}") = "exercicio4", "exercicio4\exercicio4.csproj", "{C5211DD2-5901-483D-8D5B-4CA5261E4398}"
EndProject
Global
	GlobalSection(SolutionConfigurationPlatforms) = preSolution
		Debug|Any CPU = Debug|Any CPU
		Release|Any CPU = Release|Any CPU
	EndGlobalSection
	GlobalSection(ProjectConfigurationPlatforms) = postSolution
		{C5211DD2-5901-483D-8D5B-4CA5261E4398}.Debug|Any CPU.ActiveCfg = Debug|Any CPU
		{C5211DD2-5901-483D-8D5B-4CA5261E4398}.Debug|Any CPU.Build.0 = Debug|Any CPU
		{C5211DD2-5901-483D-8D5B-4CA5261E4398}.Release|Any CPU.ActiveCfg = Release|Any CPU
		{C5211DD2-5901-483D-8D5B-4CA5261E4398}.Release|Any CPU.Build.0 = Release|Any CPU
	EndGlobalSection
	GlobalSection(SolutionProperties) = preSolution
		HideSolutionNode = FALSE
	EndGlobalSection
	GlobalSection(ExtensibilityGlobals) = postSolution
		SolutionGuid = {9753B43B-6F7B-4090-BEA6-DEAA2E0277B8}
	EndGlobalSection
EndGlobal
