
Microsoft Visual Studio Solution File, Format Version 12.00
# Visual Studio Version 16
VisualStudioVersion = 16.0.30907.101
MinimumVisualStudioVersion = 10.0.40219.1
Project("{FAE04EC0-301F-11D3-BF4B-00C04F79EFBC}") = "exercicio1", "exercicio1\exercicio1.csproj", "{07A9C304-601F-4003-8779-4446BF22B08F}"
EndProject
Global
	GlobalSection(SolutionConfigurationPlatforms) = preSolution
		Debug|Any CPU = Debug|Any CPU
		Release|Any CPU = Release|Any CPU
	EndGlobalSection
	GlobalSection(ProjectConfigurationPlatforms) = postSolution
		{07A9C304-601F-4003-8779-4446BF22B08F}.Debug|Any CPU.ActiveCfg = Debug|Any CPU
		{07A9C304-601F-4003-8779-4446BF22B08F}.Debug|Any CPU.Build.0 = Debug|Any CPU
		{07A9C304-601F-4003-8779-4446BF22B08F}.Release|Any CPU.ActiveCfg = Release|Any CPU
		{07A9C304-601F-4003-8779-4446BF22B08F}.Release|Any CPU.Build.0 = Release|Any CPU
	EndGlobalSection
	GlobalSection(SolutionProperties) = preSolution
		HideSolutionNode = FALSE
	EndGlobalSection
	GlobalSection(ExtensibilityGlobals) = postSolution
		SolutionGuid = {F1E45D1F-9D93-4197-ADB9-9BC265C40120}
	EndGlobalSection
EndGlobal
